{
  "name": "rush-common",
  "version": "0.0.0",
  "lockfileVersion": 1,
  "requires": true,
  "dependencies": {
    "@rush-temp/api": {
      "version": "file:projects/api.tgz",
      "integrity": "sha512-jPBVgTyY8Tx1qlk9btStuco+mWG79w7ouhzVSuBR3SwdNJdNtM0joNrpSPEtUbuIwbYaG0nyaz/nvZ8mIX7aCQ=="
    },
    "@rush-temp/dependency3": {
      "version": "file:projects/dependency3.tgz",
      "integrity": "sha512-q1TTRzdQbUbTZYqghZhkAW2wD5kmY1ZS7d2W4B11pgfbXaEOqYskGwyReS9tccBQjEXsN85LacMsWfp6vrcC7g=="
    }
  }
}
